// !$*UTF8*$!
{
	archiveVersion = 1;
	classes = {
	};
	objectVersion = 50;
	objects = {

/* Begin PBXBuildFile section */
		5338DA7B253EE32200152BFA /* hw2_00757048App.swift in Sources */ = {isa = PBXBuildFile; fileRef = 5338DA7A253EE32200152BFA /* hw2_00757048App.swift */; };
		5338DA7D253EE32200152BFA /* ContentView.swift in Sources */ = {isa = PBXBuildFile; fileRef = 5338DA7C253EE32200152BFA /* ContentView.swift */; };
		5338DA7F253EE32400152BFA /* Assets.xcassets in Resources */ = {isa = PBXBuildFile; fileRef = 5338DA7E253EE32400152BFA /* Assets.xcassets */; };
		5338DA82253EE32400152BFA /* Preview Assets.xcassets in Resources */ = {isa = PBXBuildFile; fileRef = 5338DA81253EE32400152BFA /* Preview Assets.xcassets */; };
		5338DA8B253EE34D00152BFA /* MainView.swift in Sources */ = {isa = PBXBuildFile; fileRef = 5338DA8A253EE34D00152BFA /* MainView.swift */; };
		5338DA8E253EE8DA00152BFA /* p4p.swift in Sources */ = {isa = PBXBuildFile; fileRef = 5338DA8D253EE8DA00152BFA /* p4p.swift */; };
		5338DA91253EE91E00152BFA /* mma.swift in Sources */ = {isa = PBXBuildFile; fileRef = 5338DA90253EE91E00152BFA /* mma.swift */; };
		5338DA94253F125200152BFA /* data.swift in Sources */ = {isa = PBXBuildFile; fileRef = 5338DA93253F125200152BFA /* data.swift */; };
		55A6369325654EE200026EDB /* player.swift in Sources */ = {isa = PBXBuildFile; fileRef = 55A6369225654EE200026EDB /* player.swift */; };
/* End PBXBuildFile section */

/* Begin PBXFileReference section */
		5338DA77253EE32200152BFA /* hw2_00757048.app */ = {isa = PBXFileReference; explicitFileType = wrapper.application; includeInIndex = 0; path = hw2_00757048.app; sourceTree = BUILT_PRODUCTS_DIR; };
		5338DA7A253EE32200152BFA /* hw2_00757048App.swift */ = {isa = PBXFileReference; lastKnownFileType = sourcecode.swift; path = hw2_00757048App.swift; sourceTree = "<group>"; };
		5338DA7C253EE32200152BFA /* ContentView.swift */ = {isa = PBXFileReference; lastKnownFileType = sourcecode.swift; path = ContentView.swift; sourceTree = "<group>"; };
		5338DA7E253EE32400152BFA /* Assets.xcassets */ = {isa = PBXFileReference; lastKnownFileType = folder.assetcatalog; path = Assets.xcassets; sourceTree = "<group>"; };
		5338DA81253EE32400152BFA /* Preview Assets.xcassets */ = {isa = PBXFileReference; lastKnownFileType = folder.assetcatalog; path = "Preview Assets.xcassets"; sourceTree = "<group>"; };
		5338DA83253EE32400152BFA /* Info.plist */ = {isa = PBXFileReference; lastKnownFileType = text.plist.xml; path = Info.plist; sourceTree = "<group>"; };
		5338DA8A253EE34D00152BFA /* MainView.swift */ = {isa = PBXFileReference; lastKnownFileType = sourcecode.swift; path = MainView.swift; sourceTree = "<group>"; };
		5338DA8D253EE8DA00152BFA /* p4p.swift */ = {isa = PBXFileReference; lastKnownFileType = sourcecode.swift; path = p4p.swift; sourceTree = "<group>"; };
		5338DA90253EE91E00152BFA /* mma.swift */ = {isa = PBXFileReference; lastKnownFileType = sourcecode.swift; path = mma.swift; sourceTree = "<group>"; };
		5338DA93253F125200152BFA /* data.swift */ = {isa = PBXFileReference; lastKnownFileType = sourcecode.swift; path = data.swift; sourceTree = "<group>"; };
		55A6369225654EE200026EDB /* player.swift */ = {isa = PBXFileReference; lastKnownFileType = sourcecode.swift; path = player.swift; sourceTree = "<group>"; };
/* End PBXFileReference section */

/* Begin PBXFrameworksBuildPhase section */
		5338DA74253EE32200152BFA /* Frameworks */ = {
			isa = PBXFrameworksBuildPhase;
			buildActionMask = 2147483647;
			files = (
			);
			runOnlyForDeploymentPostprocessing = 0;
		};
/* End PBXFrameworksBuildPhase section */

/* Begin PBXGroup section */
		5338DA6E253EE32200152BFA = {
			isa = PBXGroup;
			children = (
				5338DA79253EE32200152BFA /* hw2_00757048 */,
				5338DA78253EE32200152BFA /* Products */,
			);
			sourceTree = "<group>";
		};
		5338DA78253EE32200152BFA /* Products */ = {
			isa = PBXGroup;
			children = (
				5338DA77253EE32200152BFA /* hw2_00757048.app */,
			);
			name = Products;
			sourceTree = "<group>";
		};
		5338DA79253EE32200152BFA /* hw2_00757048 */ = {
			isa = PBXGroup;
			children = (
				5338DA7A253EE32200152BFA /* hw2_00757048App.swift */,
				5338DA7C253EE32200152BFA /* ContentView.swift */,
				5338DA7E253EE32400152BFA /* Assets.xcassets */,
				5338DA83253EE32400152BFA /* Info.plist */,
				5338DA80253EE32400152BFA /* Preview Content */,
			);
			path = hw2_00757048;
			sourceTree = "<group>";
		};
		5338DA80253EE32400152BFA /* Preview Content */ = {
			isa = PBXGroup;
			children = (
				5338DA81253EE32400152BFA /* Preview Assets.xcassets */,
				5338DA8A253EE34D00152BFA /* MainView.swift */,
				55A6369225654EE200026EDB /* player.swift */,
				5338DA8D253EE8DA00152BFA /* p4p.swift */,
				5338DA90253EE91E00152BFA /* mma.swift */,
				5338DA93253F125200152BFA /* data.swift */,
			);
			path = "Preview Content";
			sourceTree = "<group>";
		};
/* End PBXGroup section */

/* Begin PBXNativeTarget section */
		5338DA76253EE32200152BFA /* hw2_00757048 */ = {
			isa = PBXNativeTarget;
			buildConfigurationList = 5338DA86253EE32400152BFA /* Build configuration list for PBXNativeTarget "hw2_00757048" */;
			buildPhases = (
				5338DA73253EE32200152BFA /* Sources */,
				5338DA74253EE32200152BFA /* Frameworks */,
				5338DA75253EE32200152BFA /* Resources */,
			);
			buildRules = (
			);
			dependencies = (
			);
			name = hw2_00757048;
			productName = hw2_00757048;
			productReference = 5338DA77253EE32200152BFA /* hw2_00757048.app */;
			productType = "com.apple.product-type.application";
		};
/* End PBXNativeTarget section */

/* Begin PBXProject section */
		5338DA6F253EE32200152BFA /* Project object */ = {
			isa = PBXProject;
			attributes = {
				LastSwiftUpdateCheck = 1200;
				LastUpgradeCheck = 1200;
				TargetAttributes = {
					5338DA76253EE32200152BFA = {
						CreatedOnToolsVersion = 12.0;
					};
				};
			};
			buildConfigurationList = 5338DA72253EE32200152BFA /* Build configuration list for PBXProject "hw2_00757048" */;
			compatibilityVersion = "Xcode 9.3";
			developmentRegion = en;
			hasScannedForEncodings = 0;
			knownRegions = (
				en,
				Base,
			);
			mainGroup = 5338DA6E253EE32200152BFA;
			productRefGroup = 5338DA78253EE32200152BFA /* Products */;
			projectDirPath = "";
			projectRoot = "";
			targets = (
				5338DA76253EE32200152BFA /* hw2_00757048 */,
			);
		};
/* End PBXProject section */

/* Begin PBXResourcesBuildPhase section */
		5338DA75253EE32200152BFA /* Resources */ = {
			isa = PBXResourcesBuildPhase;
			buildActionMask = 2147483647;
			files = (
				5338DA82253EE32400152BFA /* Preview Assets.xcassets in Resources */,
				5338DA7F253EE32400152BFA /* Assets.xcassets in Resources */,
			);
			runOnlyForDeploymentPostprocessing = 0;
		};
/* End PBXResourcesBuildPhase section */

/* Begin PBXSourcesBuildPhase section */
		5338DA73253EE32200152BFA /* Sources */ = {
			isa = PBXSourcesBuildPhase;
			buildActionMask = 2147483647;
			files = (
				5338DA8E253EE8DA00152BFA /* p4p.swift in Sources */,
				5338DA94253F125200152BFA /* data.swift in Sources */,
				5338DA7D253EE32200152BFA /* ContentView.swift in Sources */,
				55A6369325654EE200026EDB /* player.swift in Sources */,
				5338DA91253EE91E00152BFA /* mma.swift in Sources */,
				5338DA8B253EE34D00152BFA /* MainView.swift in Sources */,
				5338DA7B253EE32200152BFA /* hw2_00757048App.swift in Sources */,
			);
			runOnlyForDeploymentPostprocessing = 0;
		};
/* End PBXSourcesBuildPhase section */

/* Begin XCBuildConfiguration section */
		5338DA84253EE32400152BFA /* Debug */ = {
			isa = XCBuildConfiguration;
			buildSettings = {
				ALWAYS_SEARCH_USER_PATHS = NO;
				CLANG_ANALYZER_NONNULL = YES;
				CLANG_ANALYZER_NUMBER_OBJECT_CONVERSION = YES_AGGRESSIVE;
				CLANG_CXX_LANGUAGE_STANDARD = "gnu++14";
				CLANG_CXX_LIBRARY = "libc++";
				CLANG_ENABLE_MODULES = YES;
				CLANG_ENABLE_OBJC_ARC = YES;
				CLANG_ENABLE_OBJC_WEAK = YES;
				CLANG_WARN_BLOCK_CAPTURE_AUTORELEASING = YES;
				CLANG_WARN_BOOL_CONVERSION = YES;
				CLANG_WARN_COMMA = YES;
				CLANG_WARN_CONSTANT_CONVERSION = YES;
				CLANG_WARN_DEPRECATED_OBJC_IMPLEMENTATIONS = YES;
				CLANG_WARN_DIRECT_OBJC_ISA_USAGE = YES_ERROR;
				CLANG_WARN_DOCUMENTATION_COMMENTS = YES;
				CLANG_WARN_EMPTY_BODY = YES;
				CLANG_WARN_ENUM_CONVERSION = YES;
				CLANG_WARN_INFINITE_RECURSION = YES;
				CLANG_WARN_INT_CONVERSION = YES;
				CLANG_WARN_NON_LITERAL_NULL_CONVERSION = YES;
				CLANG_WARN_OBJC_IMPLICIT_RETAIN_SELF = YES;
				CLANG_WARN_OBJC_LITERAL_CONVERSION = YES;
				CLANG_WARN_OBJC_ROOT_CLASS = YES_ERROR;
				CLANG_WARN_QUOTED_INCLUDE_IN_FRAMEWORK_HEADER = YES;
				CLANG_WARN_RANGE_LOOP_ANALYSIS = YES;
				CLANG_WARN_STRICT_PROTOTYPES = YES;
				CLANG_WARN_SUSPICIOUS_MOVE = YES;
				CLANG_WARN_UNGUARDED_AVAILABILITY = YES_AGGRESSIVE;
				CLANG_WARN_UNREACHABLE_CODE = YES;
				CLANG_WARN__DUPLICATE_METHOD_MATCH = YES;
				COPY_PHASE_STRIP = NO;
				DEBUG_INFORMATION_FORMAT = dwarf;
				ENABLE_STRICT_OBJC_MSGSEND = YES;
				ENABLE_TESTABILITY = YES;
				GCC_C_LANGUAGE_STANDARD = gnu11;
				GCC_DYNAMIC_NO_PIC = NO;
				GCC_NO_COMMON_BLOCKS = YES;
				GCC_OPTIMIZATION_LEVEL = 0;
				GCC_PREPROCESSOR_DEFINITIONS = (
					"DEBUG=1",
					"$(inherited)",
				);
				GCC_WARN_64_TO_32_BIT_CONVERSION = YES;
				GCC_WARN_ABOUT_RETURN_TYPE = YES_ERROR;
				GCC_WARN_UNDECLARED_SELECTOR = YES;
				GCC_WARN_UNINITIALIZED_AUTOS = YES_AGGRESSIVE;
				GCC_WARN_UNUSED_FUNCTION = YES;
				GCC_WARN_UNUSED_VARIABLE = YES;
				IPHONEOS_DEPLOYMENT_TARGET = 14.0;
				MTL_ENABLE_DEBUG_INFO = INCLUDE_SOURCE;
				MTL_FAST_MATH = YES;
				ONLY_ACTIVE_ARCH = YES;
				SDKROOT = iphoneos;
				SWIFT_ACTIVE_COMPILATION_CONDITIONS = DEBUG;
				SWIFT_OPTIMIZATION_LEVEL = "-Onone";
			};
			name = Debug;
		};
		5338DA85253EE32400152BFA /* Release */ = {
			isa = XCBuildConfiguration;
			buildSettings = {
				ALWAYS_SEARCH_USER_PATHS = NO;
				CLANG_ANALYZER_NONNULL = YES;
				CLANG_ANALYZER_NUMBER_OBJECT_CONVERSION = YES_AGGRESSIVE;
				CLANG_CXX_LANGUAGE_STANDARD = "gnu++14";
				CLANG_CXX_LIBRARY = "libc++";
				CLANG_ENABLE_MODULES = YES;
				CLANG_ENABLE_OBJC_ARC = YES;
				CLANG_ENABLE_OBJC_WEAK = YES;
				CLANG_WARN_BLOCK_CAPTURE_AUTORELEASING = YES;
				CLANG_WARN_BOOL_CONVERSION = YES;
				CLANG_WARN_COMMA = YES;
				CLANG_WARN_CONSTANT_CONVERSION = YES;
				CLANG_WARN_DEPRECATED_OBJC_IMPLEMENTATIONS = YES;
				CLANG_WARN_DIRECT_OBJC_ISA_USAGE = YES_ERROR;
				CLANG_WARN_DOCUMENTATION_COMMENTS = YES;
				CLANG_WARN_EMPTY_BODY = YES;
				CLANG_WARN_ENUM_CONVERSION = YES;
				CLANG_WARN_INFINITE_RECURSION = YES;
				CLANG_WARN_INT_CONVERSION = YES;
				CLANG_WARN_NON_LITERAL_NULL_CONVERSION = YES;
				CLANG_WARN_OBJC_IMPLICIT_RETAIN_SELF = YES;
				CLANG_WARN_OBJC_LITERAL_CONVERSION = YES;
				CLANG_WARN_OBJC_ROOT_CLASS = YES_ERROR;
				CLANG_WARN_QUOTED_INCLUDE_IN_FRAMEWORK_HEADER = YES;
				CLANG_WARN_RANGE_LOOP_ANALYSIS = YES;
				CLANG_WARN_STRICT_PROTOTYPES = YES;
				CLANG_WARN_SUSPICIOUS_MOVE = YES;
				CLANG_WARN_UNGUARDED_AVAILABILITY = YES_AGGRESSIVE;
				CLANG_WARN_UNREACHABLE_CODE = YES;
				CLANG_WARN__DUPLICATE_METHOD_MATCH = YES;
				COPY_PHASE_STRIP = NO;
				DEBUG_INFORMATION_FORMAT = "dwarf-with-dsym";
				ENABLE_NS_ASSERTIONS = NO;
				ENABLE_STRICT_OBJC_MSGSEND = YES;
				GCC_C_LANGUAGE_STANDARD = gnu11;
				GCC_NO_COMMON_BLOCKS = YES;
				GCC_WARN_64_TO_32_BIT_CONVERSION = YES;
				GCC_WARN_ABOUT_RETURN_TYPE = YES_ERROR;
				GCC_WARN_UNDECLARED_SELECTOR = YES;
				GCC_WARN_UNINITIALIZED_AUTOS = YES_AGGRESSIVE;
				GCC_WARN_UNUSED_FUNCTION = YES;
				GCC_WARN_UNUSED_VARIABLE = YES;
				IPHONEOS_DEPLOYMENT_TARGET = 14.0;
				MTL_ENABLE_DEBUG_INFO = NO;
				MTL_FAST_MATH = YES;
				SDKROOT = iphoneos;
				SWIFT_COMPILATION_MODE = wholemodule;
				SWIFT_OPTIMIZATION_LEVEL = "-O";
				VALIDATE_PRODUCT = YES;
			};
			name = Release;
		};
		5338DA87253EE32400152BFA /* Debug */ = {
			isa = XCBuildConfiguration;
			buildSettings = {
				ASSETCATALOG_COMPILER_APPICON_NAME = AppIcon;
				ASSETCATALOG_COMPILER_GLOBAL_ACCENT_COLOR_NAME = AccentColor;
				CODE_SIGN_STYLE = Automatic;
				DEVELOPMENT_ASSET_PATHS = "\"hw2_00757048/Preview Content\"";
				ENABLE_PREVIEWS = YES;
				INFOPLIST_FILE = hw2_00757048/Info.plist;
				IPHONEOS_DEPLOYMENT_TARGET = 14.0;
				LD_RUNPATH_SEARCH_PATHS = (
					"$(inherited)",
					"@executable_path/Frameworks",
				);
				PRODUCT_BUNDLE_IDENTIFIER = "com.kevin.iosHw2.hw2-00757048";
				PRODUCT_NAME = "$(TARGET_NAME)";
				SWIFT_VERSION = 5.0;
				TARGETED_DEVICE_FAMILY = "1,2";
			};
			name = Debug;
		};
		5338DA88253EE32400152BFA /* Release */ = {
			isa = XCBuildConfiguration;
			buildSettings = {
				ASSETCATALOG_COMPILER_APPICON_NAME = AppIcon;
				ASSETCATALOG_COMPILER_GLOBAL_ACCENT_COLOR_NAME = AccentColor;
				CODE_SIGN_STYLE = Automatic;
				DEVELOPMENT_ASSET_PATHS = "\"hw2_00757048/Preview Content\"";
				ENABLE_PREVIEWS = YES;
				INFOPLIST_FILE = hw2_00757048/Info.plist;
				IPHONEOS_DEPLOYMENT_TARGET = 14.0;
				LD_RUNPATH_SEARCH_PATHS = (
					"$(inherited)",
					"@executable_path/Frameworks",
				);
				PRODUCT_BUNDLE_IDENTIFIER = "com.kevin.iosHw2.hw2-00757048";
				PRODUCT_NAME = "$(TARGET_NAME)";
				SWIFT_VERSION = 5.0;
				TARGETED_DEVICE_FAMILY = "1,2";
			};
			name = Release;
		};
/* End XCBuildConfiguration section */

/* Begin XCConfigurationList section */
		5338DA72253EE32200152BFA /* Build configuration list for PBXProject "hw2_00757048" */ = {
			isa = XCConfigurationList;
			buildConfigurations = (
				5338DA84253EE32400152BFA /* Debug */,
				5338DA85253EE32400152BFA /* Release */,
			);
			defaultConfigurationIsVisible = 0;
			defaultConfigurationName = Release;
		};
		5338DA86253EE32400152BFA /* Build configuration list for PBXNativeTarget "hw2_00757048" */ = {
			isa = XCConfigurationList;
			buildConfigurations = (
				5338DA87253EE32400152BFA /* Debug */,
				5338DA88253EE32400152BFA /* Release */,
			);
			defaultConfigurationIsVisible = 0;
			defaultConfigurationName = Release;
		};
/* End XCConfigurationList section */
	};
	rootObject = 5338DA6F253EE32200152BFA /* Project object */;
}
